
Microsoft Visual Studio Solution File, Format Version 12.00
# Visual Studio Version 16
VisualStudioVersion = 16.0.30406.217
MinimumVisualStudioVersion = 10.0.40219.1
Project("{FAE04EC0-301F-11D3-BF4B-00C04F79EFBC}") = "TiendaDeMicroservicios.API.Autor", "TiendaDeMicroservicios.API.Autor\TiendaDeMicroservicios.API.Autor.csproj", "{0A511286-28C0-40C8-9876-E007EBC6DFA9}"
EndProject
Project("{FAE04EC0-301F-11D3-BF4B-00C04F79EFBC}") = "TiendaDeMicroservicios.API.Libro", "TiendaDeMicroservicios.API.Libro\TiendaDeMicroservicios.API.Libro.csproj", "{E41D9689-C8D0-44FF-B17F-508D59A46B65}"
EndProject
Project("{FAE04EC0-301F-11D3-BF4B-00C04F79EFBC}") = "TiendaDeMicroservicios.API.CarritoDeCompras", "TiendaDeMicroservicios.API.CarritoDeCompras\TiendaDeMicroservicios.API.CarritoDeCompras.csproj", "{105808B3-ACF7-47B7-AE33-7CBC39253A1A}"
EndProject
Project("{FAE04EC0-301F-11D3-BF4B-00C04F79EFBC}") = "TiendaDeMicroServiciosAPI.Libro.Test", "TiendaDeMicroServiciosAPI.Libro.Test\TiendaDeMicroServiciosAPI.Libro.Test.csproj", "{2F37F2B4-3668-4BE7-B1C0-EB716F7CCE80}"
EndProject
Global
	GlobalSection(SolutionConfigurationPlatforms) = preSolution
		Debug|Any CPU = Debug|Any CPU
		Release|Any CPU = Release|Any CPU
	EndGlobalSection
	GlobalSection(ProjectConfigurationPlatforms) = postSolution
		{0A511286-28C0-40C8-9876-E007EBC6DFA9}.Debug|Any CPU.ActiveCfg = Debug|Any CPU
		{0A511286-28C0-40C8-9876-E007EBC6DFA9}.Debug|Any CPU.Build.0 = Debug|Any CPU
		{0A511286-28C0-40C8-9876-E007EBC6DFA9}.Release|Any CPU.ActiveCfg = Release|Any CPU
		{0A511286-28C0-40C8-9876-E007EBC6DFA9}.Release|Any CPU.Build.0 = Release|Any CPU
		{E41D9689-C8D0-44FF-B17F-508D59A46B65}.Debug|Any CPU.ActiveCfg = Debug|Any CPU
		{E41D9689-C8D0-44FF-B17F-508D59A46B65}.Debug|Any CPU.Build.0 = Debug|Any CPU
		{E41D9689-C8D0-44FF-B17F-508D59A46B65}.Release|Any CPU.ActiveCfg = Release|Any CPU
		{E41D9689-C8D0-44FF-B17F-508D59A46B65}.Release|Any CPU.Build.0 = Release|Any CPU
		{105808B3-ACF7-47B7-AE33-7CBC39253A1A}.Debug|Any CPU.ActiveCfg = Debug|Any CPU
		{105808B3-ACF7-47B7-AE33-7CBC39253A1A}.Debug|Any CPU.Build.0 = Debug|Any CPU
		{105808B3-ACF7-47B7-AE33-7CBC39253A1A}.Release|Any CPU.ActiveCfg = Release|Any CPU
		{105808B3-ACF7-47B7-AE33-7CBC39253A1A}.Release|Any CPU.Build.0 = Release|Any CPU
		{2F37F2B4-3668-4BE7-B1C0-EB716F7CCE80}.Debug|Any CPU.ActiveCfg = Debug|Any CPU
		{2F37F2B4-3668-4BE7-B1C0-EB716F7CCE80}.Debug|Any CPU.Build.0 = Debug|Any CPU
		{2F37F2B4-3668-4BE7-B1C0-EB716F7CCE80}.Release|Any CPU.ActiveCfg = Release|Any CPU
		{2F37F2B4-3668-4BE7-B1C0-EB716F7CCE80}.Release|Any CPU.Build.0 = Release|Any CPU
	EndGlobalSection
	GlobalSection(SolutionProperties) = preSolution
		HideSolutionNode = FALSE
	EndGlobalSection
	GlobalSection(ExtensibilityGlobals) = postSolution
		SolutionGuid = {361948D5-D6E4-4FFF-9421-A15F0FA58D8A}
	EndGlobalSection
EndGlobal
